
Microsoft Visual Studio Solution File, Format Version 12.00
# Blend for Visual Studio Version 17
VisualStudioVersion = 17.2.32630.192
MinimumVisualStudioVersion = 10.0.40219.1
Project("{FAE04EC0-301F-11D3-BF4B-00C04F79EFBC}") = "Dash11", "Dash11.csproj", "{60BF5131-9432-4903-9362-2F843309FB72}"
EndProject
Global
	GlobalSection(SolutionConfigurationPlatforms) = preSolution
		Debug|Any CPU = Debug|Any CPU
		Release|Any CPU = Release|Any CPU
	EndGlobalSection
	GlobalSection(ProjectConfigurationPlatforms) = postSolution
		{60BF5131-9432-4903-9362-2F843309FB72}.Debug|Any CPU.ActiveCfg = Debug|Any CPU
		{60BF5131-9432-4903-9362-2F843309FB72}.Debug|Any CPU.Build.0 = Debug|Any CPU
		{60BF5131-9432-4903-9362-2F843309FB72}.Release|Any CPU.ActiveCfg = Release|Any CPU
		{60BF5131-9432-4903-9362-2F843309FB72}.Release|Any CPU.Build.0 = Release|Any CPU
	EndGlobalSection
	GlobalSection(SolutionProperties) = preSolution
		HideSolutionNode = FALSE
	EndGlobalSection
	GlobalSection(ExtensibilityGlobals) = postSolution
		SolutionGuid = {D29816D0-0D11-49DE-BBDB-D0E74D7DD7F0}
	EndGlobalSection
EndGlobal
